
Microsoft Visual Studio Solution File, Format Version 12.00
# Visual Studio Version 17
VisualStudioVersion = 17.0.31903.59
MinimumVisualStudioVersion = 10.0.40219.1
Project("{FAE04EC0-301F-11D3-BF4B-00C04F79EFBC}") = "SafeScribe.API", "SafeScribe.API\SafeScribe.API.csproj", "{171FBC5A-5A7D-4DC2-B66C-906B3DDA0E25}"
EndProject
Global
	GlobalSection(SolutionConfigurationPlatforms) = preSolution
		Debug|Any CPU = Debug|Any CPU
		Release|Any CPU = Release|Any CPU
	EndGlobalSection
	GlobalSection(SolutionProperties) = preSolution
		HideSolutionNode = FALSE
	EndGlobalSection
	GlobalSection(ProjectConfigurationPlatforms) = postSolution
		{171FBC5A-5A7D-4DC2-B66C-906B3DDA0E25}.Debug|Any CPU.ActiveCfg = Debug|Any CPU
		{171FBC5A-5A7D-4DC2-B66C-906B3DDA0E25}.Debug|Any CPU.Build.0 = Debug|Any CPU
		{171FBC5A-5A7D-4DC2-B66C-906B3DDA0E25}.Release|Any CPU.ActiveCfg = Release|Any CPU
		{171FBC5A-5A7D-4DC2-B66C-906B3DDA0E25}.Release|Any CPU.Build.0 = Release|Any CPU
	EndGlobalSection
EndGlobal
